
Microsoft Visual Studio Solution File, Format Version 12.00
# Visual Studio Version 16
VisualStudioVersion = 16.0.31702.278
MinimumVisualStudioVersion = 10.0.40219.1
Project("{FAE04EC0-301F-11D3-BF4B-00C04F79EFBC}") = "Exam", "Exam\Exam.csproj", "{846D7D29-4FC2-4101-998C-A7153E12E8A8}"
EndProject
Global
	GlobalSection(SolutionConfigurationPlatforms) = preSolution
		Debug|Any CPU = Debug|Any CPU
		Release|Any CPU = Release|Any CPU
	EndGlobalSection
	GlobalSection(ProjectConfigurationPlatforms) = postSolution
		{846D7D29-4FC2-4101-998C-A7153E12E8A8}.Debug|Any CPU.ActiveCfg = Debug|Any CPU
		{846D7D29-4FC2-4101-998C-A7153E12E8A8}.Debug|Any CPU.Build.0 = Debug|Any CPU
		{846D7D29-4FC2-4101-998C-A7153E12E8A8}.Release|Any CPU.ActiveCfg = Release|Any CPU
		{846D7D29-4FC2-4101-998C-A7153E12E8A8}.Release|Any CPU.Build.0 = Release|Any CPU
	EndGlobalSection
	GlobalSection(SolutionProperties) = preSolution
		HideSolutionNode = FALSE
	EndGlobalSection
	GlobalSection(ExtensibilityGlobals) = postSolution
		SolutionGuid = {BE558A46-0510-402E-A715-0115E8608E78}
	EndGlobalSection
EndGlobal
