
Microsoft Visual Studio Solution File, Format Version 12.00
# Visual Studio Version 16
VisualStudioVersion = 16.0.31702.278
MinimumVisualStudioVersion = 10.0.40219.1
Project("{9A19103F-16F7-4668-BE54-9A1E7A4F7556}") = "laba5", "laba5\laba5.csproj", "{45025AB8-2E6A-47B9-B9FC-179C574C56D3}"
EndProject
Project("{9A19103F-16F7-4668-BE54-9A1E7A4F7556}") = "z2", "z2\z2.csproj", "{3DEC727F-A764-413A-820B-DFE11B2E7431}"
EndProject
Global
	GlobalSection(SolutionConfigurationPlatforms) = preSolution
		Debug|Any CPU = Debug|Any CPU
		Release|Any CPU = Release|Any CPU
	EndGlobalSection
	GlobalSection(ProjectConfigurationPlatforms) = postSolution
		{45025AB8-2E6A-47B9-B9FC-179C574C56D3}.Debug|Any CPU.ActiveCfg = Debug|Any CPU
		{45025AB8-2E6A-47B9-B9FC-179C574C56D3}.Debug|Any CPU.Build.0 = Debug|Any CPU
		{45025AB8-2E6A-47B9-B9FC-179C574C56D3}.Release|Any CPU.ActiveCfg = Release|Any CPU
		{45025AB8-2E6A-47B9-B9FC-179C574C56D3}.Release|Any CPU.Build.0 = Release|Any CPU
		{3DEC727F-A764-413A-820B-DFE11B2E7431}.Debug|Any CPU.ActiveCfg = Debug|Any CPU
		{3DEC727F-A764-413A-820B-DFE11B2E7431}.Debug|Any CPU.Build.0 = Debug|Any CPU
		{3DEC727F-A764-413A-820B-DFE11B2E7431}.Release|Any CPU.ActiveCfg = Release|Any CPU
		{3DEC727F-A764-413A-820B-DFE11B2E7431}.Release|Any CPU.Build.0 = Release|Any CPU
	EndGlobalSection
	GlobalSection(SolutionProperties) = preSolution
		HideSolutionNode = FALSE
	EndGlobalSection
	GlobalSection(ExtensibilityGlobals) = postSolution
		SolutionGuid = {FDF3A946-4427-408E-882F-2D6D20645766}
	EndGlobalSection
EndGlobal
