
Microsoft Visual Studio Solution File, Format Version 12.00
# Visual Studio Version 16
VisualStudioVersion = 16.0.31702.278
MinimumVisualStudioVersion = 10.0.40219.1
Project("{FAE04EC0-301F-11D3-BF4B-00C04F79EFBC}") = "laba7", "laba7\laba7.csproj", "{E17EA0DB-0741-48F8-B414-CCD208A45F56}"
EndProject
Project("{FAE04EC0-301F-11D3-BF4B-00C04F79EFBC}") = "z2", "z2\z2.csproj", "{21A10F3B-FC8E-41A3-B2F5-F660ADA6D975}"
EndProject
Global
	GlobalSection(SolutionConfigurationPlatforms) = preSolution
		Debug|Any CPU = Debug|Any CPU
		Release|Any CPU = Release|Any CPU
	EndGlobalSection
	GlobalSection(ProjectConfigurationPlatforms) = postSolution
		{E17EA0DB-0741-48F8-B414-CCD208A45F56}.Debug|Any CPU.ActiveCfg = Debug|Any CPU
		{E17EA0DB-0741-48F8-B414-CCD208A45F56}.Debug|Any CPU.Build.0 = Debug|Any CPU
		{E17EA0DB-0741-48F8-B414-CCD208A45F56}.Release|Any CPU.ActiveCfg = Release|Any CPU
		{E17EA0DB-0741-48F8-B414-CCD208A45F56}.Release|Any CPU.Build.0 = Release|Any CPU
		{21A10F3B-FC8E-41A3-B2F5-F660ADA6D975}.Debug|Any CPU.ActiveCfg = Debug|Any CPU
		{21A10F3B-FC8E-41A3-B2F5-F660ADA6D975}.Debug|Any CPU.Build.0 = Debug|Any CPU
		{21A10F3B-FC8E-41A3-B2F5-F660ADA6D975}.Release|Any CPU.ActiveCfg = Release|Any CPU
		{21A10F3B-FC8E-41A3-B2F5-F660ADA6D975}.Release|Any CPU.Build.0 = Release|Any CPU
	EndGlobalSection
	GlobalSection(SolutionProperties) = preSolution
		HideSolutionNode = FALSE
	EndGlobalSection
	GlobalSection(ExtensibilityGlobals) = postSolution
		SolutionGuid = {AC2937AF-0AE0-4638-A8F1-EF8FE73F4739}
	EndGlobalSection
EndGlobal
