
Microsoft Visual Studio Solution File, Format Version 12.00
# Visual Studio Version 16
VisualStudioVersion = 16.0.31702.278
MinimumVisualStudioVersion = 10.0.40219.1
Project("{FAE04EC0-301F-11D3-BF4B-00C04F79EFBC}") = "laba6", "laba6\laba6.csproj", "{691BDF5C-204C-462A-B798-2E7CE33011D4}"
EndProject
Global
	GlobalSection(SolutionConfigurationPlatforms) = preSolution
		Debug|Any CPU = Debug|Any CPU
		Release|Any CPU = Release|Any CPU
	EndGlobalSection
	GlobalSection(ProjectConfigurationPlatforms) = postSolution
		{691BDF5C-204C-462A-B798-2E7CE33011D4}.Debug|Any CPU.ActiveCfg = Debug|Any CPU
		{691BDF5C-204C-462A-B798-2E7CE33011D4}.Debug|Any CPU.Build.0 = Debug|Any CPU
		{691BDF5C-204C-462A-B798-2E7CE33011D4}.Release|Any CPU.ActiveCfg = Release|Any CPU
		{691BDF5C-204C-462A-B798-2E7CE33011D4}.Release|Any CPU.Build.0 = Release|Any CPU
	EndGlobalSection
	GlobalSection(SolutionProperties) = preSolution
		HideSolutionNode = FALSE
	EndGlobalSection
	GlobalSection(ExtensibilityGlobals) = postSolution
		SolutionGuid = {875490B9-AF45-43CD-93BA-4C4ACE178DE2}
	EndGlobalSection
EndGlobal
